{
  "requires": true,
  "lockfileVersion": 1,
  "dependencies": {
    "flag-icons": {
      "version": "6.12.0",
      "resolved": "https://registry.npmjs.org/flag-icons/-/flag-icons-6.12.0.tgz",
      "integrity": "sha512-fp/flZPzEwbNdGpjj4dh++Kaf5MFX+UUpZExLGXfee/3a0czGt0ur0zyHDglE2pO7nwTzO/jKC8pK6TIEk/TOw=="
    }
  }
}
